<?xml version="1.0" encoding="utf-8"?>
<Project ToolsVersion="4.0" xmlns="http://schemas.microsoft.com/developer/msbuild/2003">
  <ItemGroup>
    <Filter Include="源文件">
      <UniqueIdentifier>{4FC737F1-C7A5-4376-A066-2A32D752A2FF}</UniqueIdentifier>
      <Extensions>cpp;c;cc;cxx;def;odl;idl;hpj;bat;asm;asmx</Extensions>
    </Filter>
    <Filter Include="头文件">
      <UniqueIdentifier>{93995380-89BD-4b04-88EB-625FBE52EBFB}</UniqueIdentifier>
      <Extensions>h;hh;hpp;hxx;hm;inl;inc;xsd</Extensions>
    </Filter>
    <Filter Include="资源文件">
      <UniqueIdentifier>{67DA6AB6-F800-4c08-8B7A-83BB121AAD01}</UniqueIdentifier>
      <Extensions>rc;ico;cur;bmp;dlg;rc2;rct;bin;rgs;gif;jpg;jpeg;jpe;resx;tiff;tif;png;wav;mfcribbon-ms</Extensions>
    </Filter>
  </ItemGroup>
  <ItemGroup>
    <ClInclude Include="Axis.h">
      <Filter>头文件</Filter>
    </ClInclude>
    <ClInclude Include="Camera.h">
      <Filter>头文件</Filter>
    </ClInclude>
    <ClInclude Include="FrameTest.h">
      <Filter>头文件</Filter>
    </ClInclude>
    <ClInclude Include="GLFramework.h">
      <Filter>头文件</Filter>
    </ClInclude>
    <ClInclude Include="GlobalInit.h">
      <Filter>头文件</Filter>
    </ClInclude>
    <ClInclude Include="GLWindow.h">
      <Filter>头文件</Filter>
    </ClInclude>
    <ClInclude Include="Keys.h">
      <Filter>头文件</Filter>
    </ClInclude>
    <ClInclude Include="Light.h">
      <Filter>头文件</Filter>
    </ClInclude>
    <ClInclude Include="LinearMap.h">
      <Filter>头文件</Filter>
    </ClInclude>
    <ClInclude Include="MapFunction.h">
      <Filter>头文件</Filter>
    </ClInclude>
    <ClInclude Include="MathConst.h">
      <Filter>头文件</Filter>
    </ClInclude>
    <ClInclude Include="MeshModel.h">
      <Filter>头文件</Filter>
    </ClInclude>
    <ClInclude Include="MouseLimit.h">
      <Filter>头文件</Filter>
    </ClInclude>
    <ClInclude Include="Object.h">
      <Filter>头文件</Filter>
    </ClInclude>
    <ClInclude Include="ProjectToAxis.h">
      <Filter>头文件</Filter>
    </ClInclude>
    <ClInclude Include="SkyBox.h">
      <Filter>头文件</Filter>
    </ClInclude>
    <ClInclude Include="SkyBoxData.h">
      <Filter>头文件</Filter>
    </ClInclude>
    <ClInclude Include="TankBarrel.h">
      <Filter>头文件</Filter>
    </ClInclude>
    <ClInclude Include="TankBarrelData.h">
      <Filter>头文件</Filter>
    </ClInclude>
    <ClInclude Include="TankChassis.h">
      <Filter>头文件</Filter>
    </ClInclude>
    <ClInclude Include="TankChassisData.h">
      <Filter>头文件</Filter>
    </ClInclude>
    <ClInclude Include="TankTurret.h">
      <Filter>头文件</Filter>
    </ClInclude>
    <ClInclude Include="TankTurretData.h">
      <Filter>头文件</Filter>
    </ClInclude>
    <ClInclude Include="Texture.h">
      <Filter>头文件</Filter>
    </ClInclude>
    <ClInclude Include="UseDisplayList.h">
      <Filter>头文件</Filter>
    </ClInclude>
    <ClInclude Include="VertexArray.h">
      <Filter>头文件</Filter>
    </ClInclude>
  </ItemGroup>
  <ItemGroup>
    <ClCompile Include="Axis.cpp">
      <Filter>源文件</Filter>
    </ClCompile>
    <ClCompile Include="Camera.cpp">
      <Filter>源文件</Filter>
    </ClCompile>
    <ClCompile Include="FrameTest.cpp">
      <Filter>源文件</Filter>
    </ClCompile>
    <ClCompile Include="GLFramework.cpp">
      <Filter>源文件</Filter>
    </ClCompile>
    <ClCompile Include="GlobalInit.cpp">
      <Filter>源文件</Filter>
    </ClCompile>
    <ClCompile Include="GLWindow.cpp">
      <Filter>源文件</Filter>
    </ClCompile>
    <ClCompile Include="Keys.cpp">
      <Filter>源文件</Filter>
    </ClCompile>
    <ClCompile Include="Light.cpp">
      <Filter>源文件</Filter>
    </ClCompile>
    <ClCompile Include="main.cpp">
      <Filter>源文件</Filter>
    </ClCompile>
    <ClCompile Include="MeshModel.cpp">
      <Filter>源文件</Filter>
    </ClCompile>
    <ClCompile Include="MouseLimit.cpp">
      <Filter>源文件</Filter>
    </ClCompile>
    <ClCompile Include="Object.cpp">
      <Filter>源文件</Filter>
    </ClCompile>
    <ClCompile Include="SkyBox.cpp">
      <Filter>源文件</Filter>
    </ClCompile>
    <ClCompile Include="SkyBoxData.cpp">
      <Filter>源文件</Filter>
    </ClCompile>
    <ClCompile Include="TankBarrel.cpp">
      <Filter>源文件</Filter>
    </ClCompile>
    <ClCompile Include="TankBarrelData.cpp">
      <Filter>源文件</Filter>
    </ClCompile>
    <ClCompile Include="TankChassis.cpp">
      <Filter>源文件</Filter>
    </ClCompile>
    <ClCompile Include="TankChassisData.cpp">
      <Filter>源文件</Filter>
    </ClCompile>
    <ClCompile Include="TankTurret.cpp">
      <Filter>源文件</Filter>
    </ClCompile>
    <ClCompile Include="TankTurretData.cpp">
      <Filter>源文件</Filter>
    </ClCompile>
    <ClCompile Include="Texture.cpp">
      <Filter>源文件</Filter>
    </ClCompile>
    <ClCompile Include="VertexArray.cpp">
      <Filter>源文件</Filter>
    </ClCompile>
  </ItemGroup>
</Project>