
Microsoft Visual Studio Solution File, Format Version 12.00
# Visual Studio 2013
VisualStudioVersion = 12.0.21005.1
MinimumVisualStudioVersion = 10.0.40219.1
Project("{8BC9CEB8-8B4A-11D0-8D11-00A0C91BC942}") = "Test-Pick", "Test-Pick\Test-Pick.vcxproj", "{899C6964-F251-48BA-8E3A-FF019142E161}"
EndProject
Global
	GlobalSection(SolutionConfigurationPlatforms) = preSolution
		Debug|Win32 = Debug|Win32
		Release|Win32 = Release|Win32
	EndGlobalSection
	GlobalSection(ProjectConfigurationPlatforms) = postSolution
		{899C6964-F251-48BA-8E3A-FF019142E161}.Debug|Win32.ActiveCfg = Debug|Win32
		{899C6964-F251-48BA-8E3A-FF019142E161}.Debug|Win32.Build.0 = Debug|Win32
		{899C6964-F251-48BA-8E3A-FF019142E161}.Release|Win32.ActiveCfg = Release|Win32
		{899C6964-F251-48BA-8E3A-FF019142E161}.Release|Win32.Build.0 = Release|Win32
	EndGlobalSection
	GlobalSection(SolutionProperties) = preSolution
		HideSolutionNode = FALSE
	EndGlobalSection
EndGlobal
